
Microsoft Visual Studio Solution File, Format Version 12.00
# Visual Studio Version 16
VisualStudioVersion = 16.0.30011.22
MinimumVisualStudioVersion = 10.0.40219.1
Project("{FAE04EC0-301F-11D3-BF4B-00C04F79EFBC}") = "GameStoreDAL", "GameStoreDAL\GameStoreDAL.csproj", "{3140420C-755E-40C2-8F19-2B60D0AC530C}"
EndProject
Project("{FAE04EC0-301F-11D3-BF4B-00C04F79EFBC}") = "GameStoreBLL", "GameStoreBLL\GameStoreBLL.csproj", "{776A1D60-1F40-4F86-A2BB-AB48525C50C6}"
EndProject
Project("{FAE04EC0-301F-11D3-BF4B-00C04F79EFBC}") = "GameStoreClient", "GameStoreClient\GameStoreClient.csproj", "{8D5CF370-C8C6-4A9A-98BE-E253A535B3C6}"
EndProject
Global
	GlobalSection(SolutionConfigurationPlatforms) = preSolution
		Debug|Any CPU = Debug|Any CPU
		Release|Any CPU = Release|Any CPU
	EndGlobalSection
	GlobalSection(ProjectConfigurationPlatforms) = postSolution
		{3140420C-755E-40C2-8F19-2B60D0AC530C}.Debug|Any CPU.ActiveCfg = Debug|Any CPU
		{3140420C-755E-40C2-8F19-2B60D0AC530C}.Debug|Any CPU.Build.0 = Debug|Any CPU
		{3140420C-755E-40C2-8F19-2B60D0AC530C}.Release|Any CPU.ActiveCfg = Release|Any CPU
		{3140420C-755E-40C2-8F19-2B60D0AC530C}.Release|Any CPU.Build.0 = Release|Any CPU
		{776A1D60-1F40-4F86-A2BB-AB48525C50C6}.Debug|Any CPU.ActiveCfg = Debug|Any CPU
		{776A1D60-1F40-4F86-A2BB-AB48525C50C6}.Debug|Any CPU.Build.0 = Debug|Any CPU
		{776A1D60-1F40-4F86-A2BB-AB48525C50C6}.Release|Any CPU.ActiveCfg = Release|Any CPU
		{776A1D60-1F40-4F86-A2BB-AB48525C50C6}.Release|Any CPU.Build.0 = Release|Any CPU
		{8D5CF370-C8C6-4A9A-98BE-E253A535B3C6}.Debug|Any CPU.ActiveCfg = Debug|Any CPU
		{8D5CF370-C8C6-4A9A-98BE-E253A535B3C6}.Debug|Any CPU.Build.0 = Debug|Any CPU
		{8D5CF370-C8C6-4A9A-98BE-E253A535B3C6}.Release|Any CPU.ActiveCfg = Release|Any CPU
		{8D5CF370-C8C6-4A9A-98BE-E253A535B3C6}.Release|Any CPU.Build.0 = Release|Any CPU
	EndGlobalSection
	GlobalSection(SolutionProperties) = preSolution
		HideSolutionNode = FALSE
	EndGlobalSection
	GlobalSection(ExtensibilityGlobals) = postSolution
		SolutionGuid = {8DC815F5-A392-476D-81CB-B68E15452114}
	EndGlobalSection
EndGlobal
